GEM
  remote: https://rubygems.org/
  specs:
    action_text-trix (2.1.19)
      railties
    actioncable (8.1.3)
      actionpack (= 8.1.3)
      activesupport (= 8.1.3)
      nio4r (~> 2.0)
      websocket-driver (>= 0.6.1)
      zeitwerk (~> 2.6)
    actionmailbox (8.1.3)
      actionpack (= 8.1.3)
      activejob (= 8.1.3)
      activerecord (= 8.1.3)
      activestorage (= 8.1.3)
      activesupport (= 8.1.3)
      mail (>= 2.8.0)
    actionmailer (8.1.3)
      actionpack (= 8.1.3)
      actionview (= 8.1.3)
      activejob (= 8.1.3)
      activesupport (= 8.1.3)
      mail (>= 2.8.0)
      rails-dom-testing (~> 2.2)
    actionpack (8.1.3)
      actionview (= 8.1.3)
      activesupport (= 8.1.3)
      nokogiri (>= 1.8.5)
      rack (>= 2.2.4)
      rack-session (>= 1.0.1)
      rack-test (>= 0.6.3)
      rails-dom-testing (~> 2.2)
      rails-html-sanitizer (~> 1.6)
      useragent (~> 0.16)
    actiontext (8.1.3)
      action_text-trix (~> 2.1.15)
      actionpack (= 8.1.3)
      activerecord (= 8.1.3)
      activestorage (= 8.1.3)
      activesupport (= 8.1.3)
      globalid (>= 0.6.0)
      nokogiri (>= 1.8.5)
    actionview (8.1.3)
      activesupport (= 8.1.3)
      builder (~> 3.1)
      erubi (~> 1.11)
      rails-dom-testing (~> 2.2)
      rails-html-sanitizer (~> 1.6)
    activejob (8.1.3)
      activesupport (= 8.1.3)
      globalid (>= 0.3.6)
    activemodel (8.1.3)
      activesupport (= 8.1.3)
    activerecord (8.1.3)
      activemodel (= 8.1.3)
      activesupport (= 8.1.3)
      timeout (>= 0.4.0)
    activestorage (8.1.3)
      actionpack (= 8.1.3)
      activejob (= 8.1.3)
      activerecord (= 8.1.3)
      activesupport (= 8.1.3)
      marcel (~> 1.0)
    activesupport (8.1.3)
      base64
      bigdecimal
      concurrent-ruby (~> 1.0, >= 1.3.1)
      connection_pool (>= 2.2.5)
      drb
      i18n (>= 1.6, < 2)
      json
      logger (>= 1.4.2)
      minitest (>= 5.1)
      securerandom (>= 0.3)
      tzinfo (~> 2.0, >= 2.0.5)
      uri (>= 0.13.1)
    atomic-ruby (0.13.0)
    aws-eventstream (1.4.0)
    aws-partitions (1.1280.0)
    aws-sdk-core (3.254.1)
      aws-eventstream (~> 1, >= 1.3.0)
      aws-partitions (~> 1, >= 1.992.0)
      aws-sigv4 (~> 1.9)
      base64
      bigdecimal
      jmespath (~> 1, >= 1.6.1)
      logger
    aws-sdk-kms (1.130.0)
      aws-sdk-core (~> 3, >= 3.254.0)
      aws-sigv4 (~> 1.5)
    aws-sdk-s3 (1.229.0)
      aws-sdk-core (~> 3, >= 3.254.1)
      aws-sdk-kms (~> 1)
      aws-sigv4 (~> 1.5)
    aws-sigv4 (1.12.1)
      aws-eventstream (~> 1, >= 1.0.2)
    base64 (0.3.0)
    bcrypt (3.1.20)
    bigdecimal (4.1.2)
    bindex (0.8.1)
    bootsnap (1.18.3)
      msgpack (~> 1.2)
    builder (3.3.0)
    chartkick (5.1.2)
    concurrent-ruby (1.3.3)
    connection_pool (2.4.1)
    crass (1.0.6)
    date (3.5.1)
    debug (1.9.2)
      irb (~> 1.10)
      reline (>= 0.3.8)
    drb (2.2.1)
    erubi (1.13.0)
    ethon (0.16.0)
      ffi (>= 1.15.0)
    faraday (2.13.2)
      faraday-net_http (>= 2.0, < 3.5)
      json
      logger
    faraday-net_http (3.4.1)
      net-http (>= 0.5.0)
    faraday-typhoeus (1.1.0)
      faraday (~> 2.0)
      typhoeus (~> 1.4)
    ffi (1.17.2)
    globalid (1.2.1)
      activesupport (>= 6.1)
    i18n (1.14.5)
      concurrent-ruby (~> 1.0)
    importmap-rails (2.0.1)
      actionpack (>= 6.0.0)
      activesupport (>= 6.0.0)
      railties (>= 6.0.0)
    io-console (0.8.2)
    irb (1.14.0)
      rdoc (>= 4.0.0)
      reline (>= 0.4.2)
    jmespath (1.6.2)
    json (2.12.2)
    libbpf-ruby (0.2.0)
    logger (1.7.0)
    loofah (2.22.0)
      crass (~> 1.0.2)
      nokogiri (>= 1.12.0)
    mail (2.9.1)
      logger
      mini_mime (>= 0.1.1)
      net-imap
      net-pop
      net-smtp
    marcel (1.2.1)
    mini_mime (1.1.5)
    mini_portile2 (2.8.9)
    minitest (6.0.6)
      drb (~> 2.0)
      prism (~> 1.5)
    mmap-ruby (0.1.3)
    msgpack (1.8.2)
    net-http (0.6.0)
      uri
    net-imap (0.6.4.1)
      date
      net-protocol
    net-pop (0.1.2)
      net-protocol
    net-protocol (0.2.2)
      timeout
    net-smtp (0.5.1)
      net-protocol
    nio4r (2.7.5)
    nokogiri (1.19.4)
      mini_portile2 (~> 2.8.2)
      racc (~> 1.4)
    nokogiri (1.19.4-aarch64-linux-gnu)
      racc (~> 1.4)
    nokogiri (1.19.4-arm-linux-gnu)
      racc (~> 1.4)
    nokogiri (1.19.4-arm64-darwin)
      racc (~> 1.4)
    nokogiri (1.19.4-x86_64-darwin)
      racc (~> 1.4)
    nokogiri (1.19.4-x86_64-linux-gnu)
      racc (~> 1.4)
    ollama-ai (1.3.0)
      faraday (~> 2.10)
      faraday-typhoeus (~> 1.1)
      typhoeus (~> 1.4, >= 1.4.1)
    pg (1.6.3)
    pg (1.6.3-aarch64-linux)
    pg (1.6.3-arm64-darwin)
    pg (1.6.3-x86_64-darwin)
    pg (1.6.3-x86_64-linux)
    prism (1.9.0)
    propshaft (1.3.2)
      actionpack (>= 7.0.0)
      activesupport (>= 7.0.0)
      rack
    psych (5.4.0)
      date
      stringio
    racc (1.8.1)
    rack (3.2.6)
    rack-session (2.0.0)
      rack (>= 3.0.0)
    rack-test (2.2.0)
      rack (>= 1.3)
    rackup (2.1.0)
      rack (>= 3)
      webrick (~> 1.8)
    ractor-pool (0.4.1)
      atomic-ruby
      warning
    rails (8.1.3)
      actioncable (= 8.1.3)
      actionmailbox (= 8.1.3)
      actionmailer (= 8.1.3)
      actionpack (= 8.1.3)
      actiontext (= 8.1.3)
      actionview (= 8.1.3)
      activejob (= 8.1.3)
      activemodel (= 8.1.3)
      activerecord (= 8.1.3)
      activestorage (= 8.1.3)
      activesupport (= 8.1.3)
      bundler (>= 1.15.0)
      railties (= 8.1.3)
    rails-dom-testing (2.2.0)
      activesupport (>= 5.0.0)
      minitest
      nokogiri (>= 1.6)
    rails-html-sanitizer (1.6.0)
      loofah (~> 2.21)
      nokogiri (~> 1.14)
    railties (8.1.3)
      actionpack (= 8.1.3)
      activesupport (= 8.1.3)
      irb (~> 1.13)
      rackup (>= 1.0.0)
      rake (>= 12.2)
      thor (~> 1.0, >= 1.2.2)
      tsort (>= 0.2)
      zeitwerk (~> 2.6)
    rake (13.2.1)
    raptor (0.14.0)
      atomic-ruby
      libbpf-ruby
      mmap-ruby
      nio4r
      rack (>= 3.2.0)
      ractor-pool
      red-black-tree
    rdoc (6.7.0)
      psych (>= 4.0.0)
    red-black-tree (0.1.10)
    reline (0.5.9)
      io-console (~> 0.5)
    securerandom (0.4.0)
    shopify-money (2.2.2)
    stimulus-rails (1.3.3)
      railties (>= 6.0.0)
    stringio (3.2.0)
    tailwindcss-rails (3.0.0)
      railties (>= 7.0.0)
      tailwindcss-ruby
    tailwindcss-ruby (3.4.16)
    tailwindcss-ruby (3.4.16-aarch64-linux)
    tailwindcss-ruby (3.4.16-arm-linux)
    tailwindcss-ruby (3.4.16-arm64-darwin)
    tailwindcss-ruby (3.4.16-x86_64-darwin)
    tailwindcss-ruby (3.4.16-x86_64-linux)
    thor (1.3.1)
    timeout (0.6.1)
    tsort (0.2.0)
    turbo-rails (2.0.6)
      actionpack (>= 6.0.0)
      activejob (>= 6.0.0)
      railties (>= 6.0.0)
    typhoeus (1.4.1)
      ethon (>= 0.9.0)
    tzinfo (2.0.6)
      concurrent-ruby (~> 1.0)
    uri (1.0.2)
    useragent (0.16.11)
    warning (1.6.0)
    web-console (4.2.1)
      actionview (>= 6.0.0)
      activemodel (>= 6.0.0)
      bindex (>= 0.4.0)
      railties (>= 6.0.0)
    webrick (1.8.1)
    websocket-driver (0.8.2)
      base64
      websocket-extensions (>= 0.1.0)
    websocket-extensions (0.1.5)
    zeitwerk (2.6.16)

PLATFORMS
  aarch64-linux
  arm-linux
  arm64-darwin
  x86-linux
  x86_64-darwin
  x86_64-linux

DEPENDENCIES
  aws-sdk-s3
  bcrypt (~> 3.1.7)
  bootsnap
  chartkick
  debug
  importmap-rails
  ollama-ai
  pg (~> 1.6)
  propshaft
  rails (~> 8.1.3)
  raptor
  shopify-money
  stimulus-rails
  tailwindcss-rails
  turbo-rails
  tzinfo-data
  web-console

CHECKSUMS
  action_text-trix (2.1.19) sha256=7012f59421009cf284aa651294896414d653a61a2417c9b8714c8476d2f74009
  actioncable (8.1.3) sha256=e5bc7f75e44e6a22de29c4f43176927c3a9ce4824464b74ed18d8226e75a80f0
  actionmailbox (8.1.3) sha256=df7da474eaa0e70df4ed5a6fef66eb3b3b0f2dbf7f14518deee8d77f1b4aae59
  actionmailer (8.1.3) sha256=831f724891bb70d0aaa4d76581a6321124b6a752cb655c9346aae5479318448d
  actionpack (8.1.3) sha256=af998cae4d47c5d581a2cc363b5c77eb718b7c4b45748d81b1887b25621c29a3
  actiontext (8.1.3) sha256=d291019c00e1ea9e6463011fa214f6081a56d7b9a1d224e7d3f6384c1dafc7d2
  actionview (8.1.3) sha256=1347c88c7f3edb38100c5ce0e9fb5e62d7755f3edc1b61cce2eb0b2c6ea2fd5d
  activejob (8.1.3) sha256=a149b1766aa8204c3c3da7309e4becd40fcd5529c348cffbf6c9b16b565fe8d3
  activemodel (8.1.3) sha256=90c05cbe4cef3649b8f79f13016191ea94c4525ce4a5c0fb7ef909c4b91c8219
  activerecord (8.1.3) sha256=8003be7b2466ba0a2a670e603eeb0a61dd66058fccecfc49901e775260ac70ab
  activestorage (8.1.3) sha256=0564ce9309143951a67615e1bb4e090ee54b8befed417133cae614479b46384d
  activesupport (8.1.3) sha256=21a5e0dfbd4c3ddd9e1317ec6a4d782fa226e7867dc70b0743acda81a1dca20e
  atomic-ruby (0.13.0) sha256=afff064b12449e271edc664a3b70b0eccc162199960123b95597e580071fd276
  aws-eventstream (1.4.0) sha256=116bf85c436200d1060811e6f5d2d40c88f65448f2125bc77ffce5121e6e183b
  aws-partitions (1.1280.0) sha256=4c5f5f0765603a738d6e212ae228ae6e5129696e907e4a2854c03d55ff9524bc
  aws-sdk-core (3.254.1) sha256=518089e32134c3478cd4ec63d07fb966546a45e9e4cbf5f80d2cf16d5699d29b
  aws-sdk-kms (1.130.0) sha256=a2e83662ca31b77a2a19c9aa2f40a98165a67270c18c718fe1c70d0cbd7cd749
  aws-sdk-s3 (1.229.0) sha256=7dd11a111875b3505d2ec0a0a383a6aab6c1badb3d4e94e7fbb958a24451f596
  aws-sigv4 (1.12.1) sha256=6973ff95cb0fd0dc58ba26e90e9510a2219525d07620c8babeb70ef831826c00
  base64 (0.3.0) sha256=27337aeabad6ffae05c265c450490628ef3ebd4b67be58257393227588f5a97b
  bcrypt (3.1.20) sha256=8410f8c7b3ed54a3c00cd2456bf13917d695117f033218e2483b2e40b0784099
  bigdecimal (4.1.2) sha256=53d217666027eab4280346fba98e7d5b66baaae1b9c3c1c0ffe89d48188a3fbd
  bindex (0.8.1) sha256=7b1ecc9dc539ed8bccfc8cb4d2732046227b09d6f37582ff12e50a5047ceb17e
  bootsnap (1.18.3) sha256=d7b70de761e2fb1d63d21dd941b393c881c5cab5575211369cede788dfc034eb
  builder (3.3.0) sha256=497918d2f9dca528fdca4b88d84e4ef4387256d984b8154e9d5d3fe5a9c8835f
  bundler (4.0.18) sha256=02d9a17429de1847b4e0c9f27a9ee4b20c0a74c0a641b4e77195d6019e3618ac
  chartkick (5.1.2) sha256=1bb981ebb567c6bc6d1f555fba3dc5b4a7d1e7d170ea7d6980b4badf0032305a
  concurrent-ruby (1.3.3) sha256=4f9cd28965c4dcf83ffd3ea7304f9323277be8525819cb18a3b61edcb56a7c6a
  connection_pool (2.4.1) sha256=0f40cf997091f1f04ff66da67eabd61a9fe0d4928b9a3645228532512fab62f4
  crass (1.0.6) sha256=dc516022a56e7b3b156099abc81b6d2b08ea1ed12676ac7a5657617f012bd45d
  date (3.5.1) sha256=750d06384d7b9c15d562c76291407d89e368dda4d4fff957eb94962d325a0dc0
  debug (1.9.2) sha256=48e026c0852c7a10c60263e2e527968308958e266231e36d64e3efcabec7e7fc
  drb (2.2.1) sha256=e9d472bf785f558b96b25358bae115646da0dbfd45107ad858b0bc0d935cb340
  erubi (1.13.0) sha256=fca61b47daefd865d0fb50d168634f27ad40181867445badf6427c459c33cd62
  ethon (0.16.0) sha256=bba0da1cea8ac3e1f5cdd7cb1cb5fc78d7ac562c33736f18f0c3eb2b63053d9e
  faraday (2.13.2) sha256=5c19762e3bbe78e61d8007c5119f2968373c5296d6c6d6aa05b6f9cec34f2a1a
  faraday-net_http (3.4.1) sha256=095757fae7872b94eac839c08a1a4b8d84fd91d6886cfbe75caa2143de64ab3b
  faraday-typhoeus (1.1.0) sha256=24c6147c213818dde3ebc50ae47ab92f9a7e554903aa362707126f749c6890e7
  ffi (1.17.2) sha256=297235842e5947cc3036ebe64077584bff583cd7a4e94e9a02fdec399ef46da6
  globalid (1.2.1) sha256=70bf76711871f843dbba72beb8613229a49429d1866828476f9c9d6ccc327ce9
  i18n (1.14.5) sha256=26dcbc05e364b57e27ab430148b3377bc413987d34cc042336271d8f42e9d1b9
  importmap-rails (2.0.1) sha256=e739a6e70c09f797688c6983fa79567ec1edc9becc30d55b3f7cc897b1825586
  io-console (0.8.2) sha256=d6e3ae7a7cc7574f4b8893b4fca2162e57a825b223a177b7afa236c5ef9814cc
  irb (1.14.0) sha256=53d805013bbd194874b8c13a56aca6aebcd11dd79166d88724f8a434fedde615
  jmespath (1.6.2) sha256=238d774a58723d6c090494c8879b5e9918c19485f7e840f2c1c7532cf84ebcb1
  json (2.12.2) sha256=ba94a48ad265605c8fa9a50a5892f3ba6a02661aa010f638211f3cb36f44abf4
  libbpf-ruby (0.2.0) sha256=ec4f3a164a3fe6cfd0dbbd592e3b68fef4b9b7b7107369b42bcee87f961f83e9
  logger (1.7.0) sha256=196edec7cc44b66cfb40f9755ce11b392f21f7967696af15d274dde7edff0203
  loofah (2.22.0) sha256=10d76e070c86b12fec74b6a9515fd1940f4459198b991342d0a7897d86c372fe
  mail (2.9.1) sha256=06574eca475253d6c18145dd70af80d0eb970182d55053497c5f4d797ea160e8
  marcel (1.2.1) sha256=1678e9360e32f9eafa917c80029e2f6d10b2715c66a4b87b6d0da9b9cd1f859f
  mini_mime (1.1.5) sha256=8681b7e2e4215f2a159f9400b5816d85e9d8c6c6b491e96a12797e798f8bccef
  mini_portile2 (2.8.9) sha256=0cd7c7f824e010c072e33f68bc02d85a00aeb6fce05bb4819c03dfd3c140c289
  minitest (6.0.6) sha256=153ea36d1d987a62942382b61075745042a2b3123b1cd48f4c3675af9cc7d6f1
  mmap-ruby (0.1.3) sha256=b8741def1fdc9c6e6dae15f0d36c657abb5aceeaed21f572e0ba007b37eae852
  msgpack (1.8.2) sha256=e440d11c99d6dfe8b2fbc4feb74c3518c1ba024357c70bbd734d9bb1a44d0d25
  net-http (0.6.0) sha256=9621b20c137898af9d890556848c93603716cab516dc2c89b01a38b894e259fb
  net-imap (0.6.4.1) sha256=29f0360d75a7efd3539f16ac1957dea5c0a51ddeceb348db4553c3120914ea0d
  net-pop (0.1.2) sha256=848b4e982013c15b2f0382792268763b748cce91c9e91e36b0f27ed26420dff3
  net-protocol (0.2.2) sha256=aa73e0cba6a125369de9837b8d8ef82a61849360eba0521900e2c3713aa162a8
  net-smtp (0.5.1) sha256=ed96a0af63c524fceb4b29b0d352195c30d82dd916a42f03c62a3a70e5b70736
  nio4r (2.7.5) sha256=6c90168e48fb5f8e768419c93abb94ba2b892a1d0602cb06eef16d8b7df1dca1
  nokogiri (1.19.4) sha256=50c951611c92bca05c51411aef45f1cbc50f2821c4802758c5c6d34696533ab5
  nokogiri (1.19.4-aarch64-linux-gnu) sha256=1269fb644a6de405057a53dd5c762b1209b43ca7424f839454d3dbc677c31a8f
  nokogiri (1.19.4-arm-linux-gnu) sha256=a301313e38bb065d68239e79734bcd6f56fb6efaacebde29e9abf2a4735340ca
  nokogiri (1.19.4-arm64-darwin) sha256=a46db9853286e6597b36ebc6953817d15acf3a299583eb3f89fdc6f91dd63527
  nokogiri (1.19.4-x86_64-darwin) sha256=7fd17057d3e1f00e9954a74b3cd76595d3d4a5ef233b7ed9599047c204f70551
  nokogiri (1.19.4-x86_64-linux-gnu) sha256=379fae440b28915e3f19d752ce2dcf8465ed2b2fbefd2a7ca0dd497bc981a06a
  ollama-ai (1.3.0) sha256=747728f8ec57c20732601384430495673923b980e328ec56be87990494e4d368
  pg (1.6.3) sha256=1388d0563e13d2758c1089e35e973a3249e955c659592d10e5b77c468f628a99
  pg (1.6.3-aarch64-linux) sha256=0698ad563e02383c27510b76bf7d4cd2de19cd1d16a5013f375dd473e4be72ea
  pg (1.6.3-arm64-darwin) sha256=7240330b572e6355d7c75a7de535edb5dfcbd6295d9c7777df4d9dddfb8c0e5f
  pg (1.6.3-x86_64-darwin) sha256=ee2e04a17c0627225054ffeb43e31a95be9d7e93abda2737ea3ce4a62f2729d6
  pg (1.6.3-x86_64-linux) sha256=5d9e188c8f7a0295d162b7b88a768d8452a899977d44f3274d1946d67920ae8d
  prism (1.9.0) sha256=7b530c6a9f92c24300014919c9dcbc055bf4cdf51ec30aed099b06cd6674ef85
  propshaft (1.3.2) sha256=1d56a3e56a92c21bfc29caf07406b5386b00d4c47ddf357cf989a5a234b1389e
  psych (5.4.0) sha256=14f72d69a611af663d7d70e4a7b67d9eb1f3ae9f8d916b478961d5a0075ba5b7
  racc (1.8.1) sha256=4a7f6929691dbec8b5209a0b373bc2614882b55fc5d2e447a21aaa691303d62f
  rack (3.2.6) sha256=5ed78e1f73b2e25679bec7d45ee2d4483cc4146eb1be0264fc4d94cb5ef212c2
  rack-session (2.0.0) sha256=db04b2063e180369192a9046b4559af311990af38c6a93d4c600cee4eb6d4e81
  rack-test (2.2.0) sha256=005a36692c306ac0b4a9350355ee080fd09ddef1148a5f8b2ac636c720f5c463
  rackup (2.1.0) sha256=6ecb884a581990332e45ee17bdfdc14ccbee46c2f710ae1566019907869a6c4d
  ractor-pool (0.4.1) sha256=92214c8b1cd0cf6eeb9e938a3b420c1a9250b63e7e20ffa9842a38915e59aca8
  rails (8.1.3) sha256=6d017ba5348c98fc909753a8169b21d44de14d2a0b92d140d1a966834c3c9cd3
  rails-dom-testing (2.2.0) sha256=e515712e48df1f687a1d7c380fd7b07b8558faa26464474da64183a7426fa93b
  rails-html-sanitizer (1.6.0) sha256=86e9f19d2e6748890dcc2633c8945ca45baa08a1df9d8c215ce17b3b0afaa4de
  railties (8.1.3) sha256=913eb0e0cb520aac687ffd74916bd726d48fa21f47833c6292576ef6a286de22
  rake (13.2.1) sha256=46cb38dae65d7d74b6020a4ac9d48afed8eb8149c040eccf0523bec91907059d
  raptor (0.14.0) sha256=4dd8c1abbc75416388734f23a595a5e84087f2e0dce4b1bfd8bfd9fbae70cbbe
  rdoc (6.7.0) sha256=b17d5f0f57b0853d7b880d4360a32c7caf8dbb81f8503a36426df809e617f379
  red-black-tree (0.1.10) sha256=5619fde523c75d5676df8d7cd15877b3439144d8eb9bd8f63b6e30e1cfb27491
  reline (0.5.9) sha256=5d2dd7ed0fd078e79a05e4eaa47dc91b8dacec7358e9e1dd6d9c4636cff7d378
  securerandom (0.4.0) sha256=37a844aa4fe4dac8e47c5bc35f91531d4dc636ccee54a1ba1629087dda0a53a8
  shopify-money (2.2.2) sha256=5deafd64c033c087c359508baae7bc849addc00bda7c233bd1952a15614ecece
  stimulus-rails (1.3.3) sha256=4d1f9ab1d64e605f4c9cdd4cc530a9538b510606d32d02249d106256845c562c
  stringio (3.2.0) sha256=c37cb2e58b4ffbd33fe5cd948c05934af997b36e0b6ca6fdf43afa234cf222e1
  tailwindcss-rails (3.0.0) sha256=ee9e5956411968fa445d2bb514c8fb70b239ca2e6f2d5bae06b161e2bee19446
  tailwindcss-ruby (3.4.16) sha256=2943d5cdfdfb901403f2eb548d541f48933be05032e2a5d31722d5648e9f4514
  tailwindcss-ruby (3.4.16-aarch64-linux) sha256=e01523dd3fde998ca58a8685e6b32638ac11e693074d8e8d664b8348edc8e3c6
  tailwindcss-ruby (3.4.16-arm-linux) sha256=add789259dfe0718cc6cffb4f20c08c95de07f8e0df17e91d41d4d73bd74fdf6
  tailwindcss-ruby (3.4.16-arm64-darwin) sha256=eaff9fd54723db679337a57bfbc8306db5b8a94d912f13cc2e7bee11bc7e9c0c
  tailwindcss-ruby (3.4.16-x86_64-darwin) sha256=b81e1ea41de31aa67656cbc83273f929e65abdc7f6810c9b0ddf42b6caedbdcf
  tailwindcss-ruby (3.4.16-x86_64-linux) sha256=9e87ab5f3b4a3e0ce9a6197a876fcd28ca4c8912e075f40652f0de0479d9d8ae
  thor (1.3.1) sha256=fa7e3471d4f6a27138e3d9c9b0d4daac9c3d7383927667ae83e9ab42ae7401ef
  timeout (0.6.1) sha256=78f57368a7e7bbadec56971f78a3f5ecbcfb59b7fcbb0a3ed6ddc08a5094accb
  tsort (0.2.0) sha256=9650a793f6859a43b6641671278f79cfead60ac714148aabe4e3f0060480089f
  turbo-rails (2.0.6) sha256=e5fd7b2fd11d24f202c5d33597d291767491b9938563d4edbd4a174166eba35b
  typhoeus (1.4.1) sha256=1c17db8364bd45ab302dc61e460173c3e69835896be88a3df07c206d5c55ef7c
  tzinfo (2.0.6) sha256=8daf828cc77bcf7d63b0e3bdb6caa47e2272dcfaf4fbfe46f8c3a9df087a829b
  uri (1.0.2) sha256=b303504ceb7e5905771fa7fa14b649652fa949df18b5880d69cfb12494791e27
  useragent (0.16.11) sha256=700e6413ad4bb954bb63547fa098dddf7b0ebe75b40cc6f93b8d54255b173844
  warning (1.6.0) sha256=a49cdfae19fb77d19afff2efbe45f8ab759e9cd25b4e4ce2c79dbaf46bdb6c9e
  web-console (4.2.1) sha256=e7bcf37a10ea2b4ec4281649d1cee461b32232d0a447e82c786e6841fd22fe20
  webrick (1.8.1) sha256=19411ec6912911fd3df13559110127ea2badd0c035f7762873f58afc803e158f
  websocket-driver (0.8.2) sha256=97c556b019bf3410b4961002ac501621e9322d3f8a7bc02161a09301cc4c4146
  websocket-extensions (0.1.5) sha256=1c6ba63092cda343eb53fc657110c71c754c56484aad42578495227d717a8241
  zeitwerk (2.6.16) sha256=17df48537f09a937804f79bd9a92817da3b199e268634972d0e98a21ca588e21

BUNDLED WITH
  4.0.18
